
Microsoft Visual Studio Solution File, Format Version 12.00
# Visual Studio Version 16
VisualStudioVersion = 16.0.32602.291
MinimumVisualStudioVersion = 10.0.40219.1
Project("{FAE04EC0-301F-11D3-BF4B-00C04F79EFBC}") = "chapter7", "chapter7\chapter7.csproj", "{035584C3-F313-45E5-936E-F0D278CCC386}"
EndProject
Project("{FAE04EC0-301F-11D3-BF4B-00C04F79EFBC}") = "Question7-1", "Question7-1\Question7-1.csproj", "{A27B48A9-FBAB-4B37-84D4-35A82AA66D0F}"
EndProject
Project("{FAE04EC0-301F-11D3-BF4B-00C04F79EFBC}") = "Question7-2", "Question7-2\Question7-2.csproj", "{37FC33A4-2DB7-49CD-BCD5-3CFA0A9E0C7E}"
EndProject
Global
	GlobalSection(SolutionConfigurationPlatforms) = preSolution
		Debug|Any CPU = Debug|Any CPU
		Release|Any CPU = Release|Any CPU
	EndGlobalSection
	GlobalSection(ProjectConfigurationPlatforms) = postSolution
		{035584C3-F313-45E5-936E-F0D278CCC386}.Debug|Any CPU.ActiveCfg = Debug|Any CPU
		{035584C3-F313-45E5-936E-F0D278CCC386}.Debug|Any CPU.Build.0 = Debug|Any CPU
		{035584C3-F313-45E5-936E-F0D278CCC386}.Release|Any CPU.ActiveCfg = Release|Any CPU
		{035584C3-F313-45E5-936E-F0D278CCC386}.Release|Any CPU.Build.0 = Release|Any CPU
		{A27B48A9-FBAB-4B37-84D4-35A82AA66D0F}.Debug|Any CPU.ActiveCfg = Debug|Any CPU
		{A27B48A9-FBAB-4B37-84D4-35A82AA66D0F}.Debug|Any CPU.Build.0 = Debug|Any CPU
		{A27B48A9-FBAB-4B37-84D4-35A82AA66D0F}.Release|Any CPU.ActiveCfg = Release|Any CPU
		{A27B48A9-FBAB-4B37-84D4-35A82AA66D0F}.Release|Any CPU.Build.0 = Release|Any CPU
		{37FC33A4-2DB7-49CD-BCD5-3CFA0A9E0C7E}.Debug|Any CPU.ActiveCfg = Debug|Any CPU
		{37FC33A4-2DB7-49CD-BCD5-3CFA0A9E0C7E}.Debug|Any CPU.Build.0 = Debug|Any CPU
		{37FC33A4-2DB7-49CD-BCD5-3CFA0A9E0C7E}.Release|Any CPU.ActiveCfg = Release|Any CPU
		{37FC33A4-2DB7-49CD-BCD5-3CFA0A9E0C7E}.Release|Any CPU.Build.0 = Release|Any CPU
	EndGlobalSection
	GlobalSection(SolutionProperties) = preSolution
		HideSolutionNode = FALSE
	EndGlobalSection
	GlobalSection(ExtensibilityGlobals) = postSolution
		SolutionGuid = {06575320-4272-44FA-B3B2-D5809E3A95A3}
	EndGlobalSection
EndGlobal
