
Microsoft Visual Studio Solution File, Format Version 12.00
# Visual Studio Version 16
VisualStudioVersion = 16.0.32602.291
MinimumVisualStudioVersion = 10.0.40219.1
Project("{FAE04EC0-301F-11D3-BF4B-00C04F79EFBC}") = "Question8-1", "Question8-1\Question8-1.csproj", "{1A3A352A-EAA5-4215-B6AD-016281AD7D67}"
EndProject
Project("{FAE04EC0-301F-11D3-BF4B-00C04F79EFBC}") = "Question8-2", "Question8-2\Question8-2.csproj", "{2277CDE2-72C8-4FF9-B712-23E2362A8531}"
EndProject
Project("{FAE04EC0-301F-11D3-BF4B-00C04F79EFBC}") = "Question8-3", "Question8-3\Question8-3.csproj", "{3B662C90-0BCB-498F-8336-F2BA24A618E3}"
EndProject
Global
	GlobalSection(SolutionConfigurationPlatforms) = preSolution
		Debug|Any CPU = Debug|Any CPU
		Release|Any CPU = Release|Any CPU
	EndGlobalSection
	GlobalSection(ProjectConfigurationPlatforms) = postSolution
		{1A3A352A-EAA5-4215-B6AD-016281AD7D67}.Debug|Any CPU.ActiveCfg = Debug|Any CPU
		{1A3A352A-EAA5-4215-B6AD-016281AD7D67}.Debug|Any CPU.Build.0 = Debug|Any CPU
		{1A3A352A-EAA5-4215-B6AD-016281AD7D67}.Release|Any CPU.ActiveCfg = Release|Any CPU
		{1A3A352A-EAA5-4215-B6AD-016281AD7D67}.Release|Any CPU.Build.0 = Release|Any CPU
		{2277CDE2-72C8-4FF9-B712-23E2362A8531}.Debug|Any CPU.ActiveCfg = Debug|Any CPU
		{2277CDE2-72C8-4FF9-B712-23E2362A8531}.Debug|Any CPU.Build.0 = Debug|Any CPU
		{2277CDE2-72C8-4FF9-B712-23E2362A8531}.Release|Any CPU.ActiveCfg = Release|Any CPU
		{2277CDE2-72C8-4FF9-B712-23E2362A8531}.Release|Any CPU.Build.0 = Release|Any CPU
		{3B662C90-0BCB-498F-8336-F2BA24A618E3}.Debug|Any CPU.ActiveCfg = Debug|Any CPU
		{3B662C90-0BCB-498F-8336-F2BA24A618E3}.Debug|Any CPU.Build.0 = Debug|Any CPU
		{3B662C90-0BCB-498F-8336-F2BA24A618E3}.Release|Any CPU.ActiveCfg = Release|Any CPU
		{3B662C90-0BCB-498F-8336-F2BA24A618E3}.Release|Any CPU.Build.0 = Release|Any CPU
	EndGlobalSection
	GlobalSection(SolutionProperties) = preSolution
		HideSolutionNode = FALSE
	EndGlobalSection
	GlobalSection(ExtensibilityGlobals) = postSolution
		SolutionGuid = {8C1093B0-0FDF-4763-8EE6-D5881D1DBD31}
	EndGlobalSection
EndGlobal
